
Microsoft Visual Studio Solution File, Format Version 12.00
Project("{FAE04EC0-301F-11D3-BF4B-00C04F79EFBC}") = "Monopoly.Core", "Monopoly.Core\Monopoly.Core.csproj", "{C7D63D57-0EAA-405C-9FF7-23FE44A21074}"
EndProject
Project("{FAE04EC0-301F-11D3-BF4B-00C04F79EFBC}") = "Monopoly.Model", "Monopoly.Model\Monopoly.Model.csproj", "{663EA77D-7451-4CEA-A0A4-7E02EBF663A7}"
EndProject
Global
	GlobalSection(SolutionConfigurationPlatforms) = preSolution
		Debug|Any CPU = Debug|Any CPU
		Release|Any CPU = Release|Any CPU
	EndGlobalSection
	GlobalSection(ProjectConfigurationPlatforms) = postSolution
		{C7D63D57-0EAA-405C-9FF7-23FE44A21074}.Debug|Any CPU.ActiveCfg = Debug|Any CPU
		{C7D63D57-0EAA-405C-9FF7-23FE44A21074}.Debug|Any CPU.Build.0 = Debug|Any CPU
		{C7D63D57-0EAA-405C-9FF7-23FE44A21074}.Release|Any CPU.ActiveCfg = Release|Any CPU
		{C7D63D57-0EAA-405C-9FF7-23FE44A21074}.Release|Any CPU.Build.0 = Release|Any CPU
		{663EA77D-7451-4CEA-A0A4-7E02EBF663A7}.Debug|Any CPU.ActiveCfg = Debug|Any CPU
		{663EA77D-7451-4CEA-A0A4-7E02EBF663A7}.Debug|Any CPU.Build.0 = Debug|Any CPU
		{663EA77D-7451-4CEA-A0A4-7E02EBF663A7}.Release|Any CPU.ActiveCfg = Release|Any CPU
		{663EA77D-7451-4CEA-A0A4-7E02EBF663A7}.Release|Any CPU.Build.0 = Release|Any CPU
	EndGlobalSection
EndGlobal
